
Microsoft Visual Studio Solution File, Format Version 12.00
# Visual Studio 15
VisualStudioVersion = 15.0.27703.2035
MinimumVisualStudioVersion = 10.0.40219.1
Project("{FAE04EC0-301F-11D3-BF4B-00C04F79EFBC}") = "TodoList", "ToDoList\TodoList.csproj", "{BA384618-6D6A-4A77-B327-9669D3D3412C}"
EndProject
Global
	GlobalSection(SolutionConfigurationPlatforms) = preSolution
		Debug|Any CPU = Debug|Any CPU
		Release|Any CPU = Release|Any CPU
	EndGlobalSection
	GlobalSection(ProjectConfigurationPlatforms) = postSolution
		{BA384618-6D6A-4A77-B327-9669D3D3412C}.Debug|Any CPU.ActiveCfg = Debug|Any CPU
		{BA384618-6D6A-4A77-B327-9669D3D3412C}.Debug|Any CPU.Build.0 = Debug|Any CPU
		{BA384618-6D6A-4A77-B327-9669D3D3412C}.Release|Any CPU.ActiveCfg = Release|Any CPU
		{BA384618-6D6A-4A77-B327-9669D3D3412C}.Release|Any CPU.Build.0 = Release|Any CPU
	EndGlobalSection
	GlobalSection(SolutionProperties) = preSolution
		HideSolutionNode = FALSE
	EndGlobalSection
	GlobalSection(ExtensibilityGlobals) = postSolution
		SolutionGuid = {165815A8-0C19-454C-B037-7392DE422D4F}
	EndGlobalSection
EndGlobal
